
Microsoft Visual Studio Solution File, Format Version 12.00
# Visual Studio Version 17
VisualStudioVersion = 17.8.34316.72
MinimumVisualStudioVersion = 10.0.40219.1
Project("{FAE04EC0-301F-11D3-BF4B-00C04F79EFBC}") = "MinimalApplication", "MinimalApplication\MinimalApplication.csproj", "{D277DD1C-A120-435C-922F-ADD6E3D21CEC}"
EndProject
Global
	GlobalSection(SolutionConfigurationPlatforms) = preSolution
		Debug|Any CPU = Debug|Any CPU
		Release|Any CPU = Release|Any CPU
	EndGlobalSection
	GlobalSection(ProjectConfigurationPlatforms) = postSolution
		{D277DD1C-A120-435C-922F-ADD6E3D21CEC}.Debug|Any CPU.ActiveCfg = Debug|Any CPU
		{D277DD1C-A120-435C-922F-ADD6E3D21CEC}.Debug|Any CPU.Build.0 = Debug|Any CPU
		{D277DD1C-A120-435C-922F-ADD6E3D21CEC}.Release|Any CPU.ActiveCfg = Release|Any CPU
		{D277DD1C-A120-435C-922F-ADD6E3D21CEC}.Release|Any CPU.Build.0 = Release|Any CPU
	EndGlobalSection
	GlobalSection(SolutionProperties) = preSolution
		HideSolutionNode = FALSE
	EndGlobalSection
	GlobalSection(ExtensibilityGlobals) = postSolution
		SolutionGuid = {620D8077-4706-4FDA-BD77-F6558ED96CA0}
	EndGlobalSection
EndGlobal
